
Microsoft Visual Studio Solution File, Format Version 12.00
# Visual Studio Version 16
VisualStudioVersion = 16.0.32228.343
MinimumVisualStudioVersion = 10.0.40219.1
Project("{FAE04EC0-301F-11D3-BF4B-00C04F79EFBC}") = "FileManager", "FileManager\FileManager.csproj", "{D39E36DE-29A6-4A71-A604-A3A453CC1F75}"
EndProject
Global
	GlobalSection(SolutionConfigurationPlatforms) = preSolution
		Debug|Any CPU = Debug|Any CPU
		Release|Any CPU = Release|Any CPU
	EndGlobalSection
	GlobalSection(ProjectConfigurationPlatforms) = postSolution
		{D39E36DE-29A6-4A71-A604-A3A453CC1F75}.Debug|Any CPU.ActiveCfg = Debug|Any CPU
		{D39E36DE-29A6-4A71-A604-A3A453CC1F75}.Debug|Any CPU.Build.0 = Debug|Any CPU
		{D39E36DE-29A6-4A71-A604-A3A453CC1F75}.Release|Any CPU.ActiveCfg = Release|Any CPU
		{D39E36DE-29A6-4A71-A604-A3A453CC1F75}.Release|Any CPU.Build.0 = Release|Any CPU
	EndGlobalSection
	GlobalSection(SolutionProperties) = preSolution
		HideSolutionNode = FALSE
	EndGlobalSection
	GlobalSection(ExtensibilityGlobals) = postSolution
		SolutionGuid = {1EC7034B-1874-410B-94DE-B17EC3C576C7}
	EndGlobalSection
EndGlobal
